
Microsoft Visual Studio Solution File, Format Version 12.00
# Visual Studio Version 17
VisualStudioVersion = 17.3.32811.315
MinimumVisualStudioVersion = 10.0.40219.1
Project("{FAE04EC0-301F-11D3-BF4B-00C04F79EFBC}") = "Integradora.Consumer.RabbitMQ", "Integradora.Consumer.RabbitMQ.csproj", "{08841E6E-AA37-4A07-80D8-98E77FA3F817}"
EndProject
Global
	GlobalSection(SolutionConfigurationPlatforms) = preSolution
		Debug|Any CPU = Debug|Any CPU
		Release|Any CPU = Release|Any CPU
	EndGlobalSection
	GlobalSection(ProjectConfigurationPlatforms) = postSolution
		{08841E6E-AA37-4A07-80D8-98E77FA3F817}.Debug|Any CPU.ActiveCfg = Debug|Any CPU
		{08841E6E-AA37-4A07-80D8-98E77FA3F817}.Debug|Any CPU.Build.0 = Debug|Any CPU
		{08841E6E-AA37-4A07-80D8-98E77FA3F817}.Release|Any CPU.ActiveCfg = Release|Any CPU
		{08841E6E-AA37-4A07-80D8-98E77FA3F817}.Release|Any CPU.Build.0 = Release|Any CPU
	EndGlobalSection
	GlobalSection(SolutionProperties) = preSolution
		HideSolutionNode = FALSE
	EndGlobalSection
	GlobalSection(ExtensibilityGlobals) = postSolution
		SolutionGuid = {F83F367D-21A2-479E-B2CD-E6598CEE5787}
	EndGlobalSection
EndGlobal
